
Microsoft Visual Studio Solution File, Format Version 12.00
# Visual Studio 15
VisualStudioVersion = 15.0.26730.16
MinimumVisualStudioVersion = 10.0.40219.1
Project("{FAE04EC0-301F-11D3-BF4B-00C04F79EFBC}") = "Vidly", "Vidly\Vidly.csproj", "{F62C7292-B51A-45E5-991B-EB49A9724EBC}"
EndProject
Global
	GlobalSection(SolutionConfigurationPlatforms) = preSolution
		Debug|Any CPU = Debug|Any CPU
		Release|Any CPU = Release|Any CPU
	EndGlobalSection
	GlobalSection(ProjectConfigurationPlatforms) = postSolution
		{F62C7292-B51A-45E5-991B-EB49A9724EBC}.Debug|Any CPU.ActiveCfg = Release|Any CPU
		{F62C7292-B51A-45E5-991B-EB49A9724EBC}.Debug|Any CPU.Build.0 = Release|Any CPU
		{F62C7292-B51A-45E5-991B-EB49A9724EBC}.Release|Any CPU.ActiveCfg = Release|Any CPU
		{F62C7292-B51A-45E5-991B-EB49A9724EBC}.Release|Any CPU.Build.0 = Release|Any CPU
	EndGlobalSection
	GlobalSection(SolutionProperties) = preSolution
		HideSolutionNode = FALSE
	EndGlobalSection
	GlobalSection(ExtensibilityGlobals) = postSolution
		SolutionGuid = {A6937B21-A34C-4F6B-AA0E-735D4BC835FD}
	EndGlobalSection
EndGlobal
